
Microsoft Visual Studio Solution File, Format Version 12.00
# Visual Studio Version 16
VisualStudioVersion = 25.0.1704.2
MinimumVisualStudioVersion = 10.0.40219.1
Project("{FAE04EC0-301F-11D3-BF4B-00C04F79EFBC}") = "banditoth.net.DevNewsCollector", "banditoth.net.DevNewsCollector.csproj", "{0CFDE805-4A4F-4134-94ED-D19F566B19FB}"
EndProject
Global
	GlobalSection(SolutionConfigurationPlatforms) = preSolution
		Debug|Any CPU = Debug|Any CPU
		Release|Any CPU = Release|Any CPU
	EndGlobalSection
	GlobalSection(ProjectConfigurationPlatforms) = postSolution
		{0CFDE805-4A4F-4134-94ED-D19F566B19FB}.Debug|Any CPU.ActiveCfg = Debug|Any CPU
		{0CFDE805-4A4F-4134-94ED-D19F566B19FB}.Debug|Any CPU.Build.0 = Debug|Any CPU
		{0CFDE805-4A4F-4134-94ED-D19F566B19FB}.Release|Any CPU.ActiveCfg = Release|Any CPU
		{0CFDE805-4A4F-4134-94ED-D19F566B19FB}.Release|Any CPU.Build.0 = Release|Any CPU
	EndGlobalSection
	GlobalSection(SolutionProperties) = preSolution
		HideSolutionNode = FALSE
	EndGlobalSection
	GlobalSection(ExtensibilityGlobals) = postSolution
		SolutionGuid = {297972FD-315B-4CAC-B367-844729C8BAB6}
	EndGlobalSection
EndGlobal
